
Microsoft Visual Studio Solution File, Format Version 12.00
# Visual Studio Version 16
VisualStudioVersion = 16.0.30114.105
MinimumVisualStudioVersion = 10.0.40219.1
Project("{FAE04EC0-301F-11D3-BF4B-00C04F79EFBC}") = "Boot2", "Boot2\Boot2.csproj", "{B065CC7A-BD20-4B50-9E69-9F9657414E08}"
EndProject
Global
	GlobalSection(SolutionConfigurationPlatforms) = preSolution
		Debug|Any CPU = Debug|Any CPU
		Release|Any CPU = Release|Any CPU
	EndGlobalSection
	GlobalSection(ProjectConfigurationPlatforms) = postSolution
		{B065CC7A-BD20-4B50-9E69-9F9657414E08}.Debug|Any CPU.ActiveCfg = Debug|Any CPU
		{B065CC7A-BD20-4B50-9E69-9F9657414E08}.Debug|Any CPU.Build.0 = Debug|Any CPU
		{B065CC7A-BD20-4B50-9E69-9F9657414E08}.Release|Any CPU.ActiveCfg = Release|Any CPU
		{B065CC7A-BD20-4B50-9E69-9F9657414E08}.Release|Any CPU.Build.0 = Release|Any CPU
	EndGlobalSection
	GlobalSection(SolutionProperties) = preSolution
		HideSolutionNode = FALSE
	EndGlobalSection
	GlobalSection(ExtensibilityGlobals) = postSolution
		SolutionGuid = {E6121E07-4E80-4E34-BCC2-B34F0A52BA5F}
	EndGlobalSection
EndGlobal
